// !$*UTF8*$!
{
	archiveVersion = 1;
	classes = {
	};
	objectVersion = 56;
	objects = {

/* Begin PBXBuildFile section */
		6C2B26112A98B9A6003E951F /* PokeDexApp.swift in Sources */ = {isa = PBXBuildFile; fileRef = 6C2B26102A98B9A6003E951F /* PokeDexApp.swift */; };
		6C2B26132A98B9A6003E951F /* PokemonExploreView.swift in Sources */ = {isa = PBXBuildFile; fileRef = 6C2B26122A98B9A6003E951F /* PokemonExploreView.swift */; };
		6C2B26152A98B9A7003E951F /* Assets.xcassets in Resources */ = {isa = PBXBuildFile; fileRef = 6C2B26142A98B9A7003E951F /* Assets.xcassets */; };
		6C2B26182A98B9A7003E951F /* Preview Assets.xcassets in Resources */ = {isa = PBXBuildFile; fileRef = 6C2B26172A98B9A7003E951F /* Preview Assets.xcassets */; };
		6C2B263A2A9AF1EC003E951F /* NetworkUtils.swift in Sources */ = {isa = PBXBuildFile; fileRef = 6C2B26392A9AF1EC003E951F /* NetworkUtils.swift */; };
		6C2B263D2A9AFA0E003E951F /* PokemonResponseModel.swift in Sources */ = {isa = PBXBuildFile; fileRef = 6C2B263C2A9AFA0E003E951F /* PokemonResponseModel.swift */; };
		6C2B26422A9B2735003E951F /* PokeDexDataSource.swift in Sources */ = {isa = PBXBuildFile; fileRef = 6C2B26412A9B2735003E951F /* PokeDexDataSource.swift */; };
		6C2B26442A9B2882003E951F /* Constants.swift in Sources */ = {isa = PBXBuildFile; fileRef = 6C2B26432A9B2882003E951F /* Constants.swift */; };
		6C2B26472A9C935F003E951F /* PokeDexRepository.swift in Sources */ = {isa = PBXBuildFile; fileRef = 6C2B26462A9C935F003E951F /* PokeDexRepository.swift */; };
		6C2B26492A9C99C0003E951F /* PokeDexRepositoryProtocol.swift in Sources */ = {isa = PBXBuildFile; fileRef = 6C2B26482A9C99C0003E951F /* PokeDexRepositoryProtocol.swift */; };
		6C2B264B2A9C9BC7003E951F /* PokemonEntity.swift in Sources */ = {isa = PBXBuildFile; fileRef = 6C2B264A2A9C9BC7003E951F /* PokemonEntity.swift */; };
		6C2B264F2A9CA5BA003E951F /* GetPokemonListUseCase.swift in Sources */ = {isa = PBXBuildFile; fileRef = 6C2B264E2A9CA5BA003E951F /* GetPokemonListUseCase.swift */; };
		6C2B26512A9CA97E003E951F /* PokemonListView.swift in Sources */ = {isa = PBXBuildFile; fileRef = 6C2B26502A9CA97E003E951F /* PokemonListView.swift */; };
		6C2B26532A9CB187003E951F /* PokemonListResponseModel.swift in Sources */ = {isa = PBXBuildFile; fileRef = 6C2B26522A9CB187003E951F /* PokemonListResponseModel.swift */; };
		6C2B26552A9CB506003E951F /* PokemonDetailView.swift in Sources */ = {isa = PBXBuildFile; fileRef = 6C2B26542A9CB506003E951F /* PokemonDetailView.swift */; };
		6C2B26572A9CB581003E951F /* PokemonDetailResponseModel.swift in Sources */ = {isa = PBXBuildFile; fileRef = 6C2B26562A9CB581003E951F /* PokemonDetailResponseModel.swift */; };
		6C2B26592A9CC163003E951F /* PokemonDetailEntity.swift in Sources */ = {isa = PBXBuildFile; fileRef = 6C2B26582A9CC163003E951F /* PokemonDetailEntity.swift */; };
		6C2B265B2A9D8E3F003E951F /* GetPokemonDetailUseCase.swift in Sources */ = {isa = PBXBuildFile; fileRef = 6C2B265A2A9D8E3F003E951F /* GetPokemonDetailUseCase.swift */; };
/* End PBXBuildFile section */

/* Begin PBXFileReference section */
		6C2B260D2A98B9A6003E951F /* PokeDex.app */ = {isa = PBXFileReference; explicitFileType = wrapper.application; includeInIndex = 0; path = PokeDex.app; sourceTree = BUILT_PRODUCTS_DIR; };
		6C2B26102A98B9A6003E951F /* PokeDexApp.swift */ = {isa = PBXFileReference; lastKnownFileType = sourcecode.swift; path = PokeDexApp.swift; sourceTree = "<group>"; };
		6C2B26122A98B9A6003E951F /* PokemonExploreView.swift */ = {isa = PBXFileReference; lastKnownFileType = sourcecode.swift; path = PokemonExploreView.swift; sourceTree = "<group>"; };
		6C2B26142A98B9A7003E951F /* Assets.xcassets */ = {isa = PBXFileReference; lastKnownFileType = folder.assetcatalog; path = Assets.xcassets; sourceTree = "<group>"; };
		6C2B26172A98B9A7003E951F /* Preview Assets.xcassets */ = {isa = PBXFileReference; lastKnownFileType = folder.assetcatalog; path = "Preview Assets.xcassets"; sourceTree = "<group>"; };
		6C2B26392A9AF1EC003E951F /* NetworkUtils.swift */ = {isa = PBXFileReference; lastKnownFileType = sourcecode.swift; path = NetworkUtils.swift; sourceTree = "<group>"; };
		6C2B263C2A9AFA0E003E951F /* PokemonResponseModel.swift */ = {isa = PBXFileReference; lastKnownFileType = sourcecode.swift; path = PokemonResponseModel.swift; sourceTree = "<group>"; };
		6C2B26412A9B2735003E951F /* PokeDexDataSource.swift */ = {isa = PBXFileReference; lastKnownFileType = sourcecode.swift; path = PokeDexDataSource.swift; sourceTree = "<group>"; };
		6C2B26432A9B2882003E951F /* Constants.swift */ = {isa = PBXFileReference; lastKnownFileType = sourcecode.swift; path = Constants.swift; sourceTree = "<group>"; };
		6C2B26462A9C935F003E951F /* PokeDexRepository.swift */ = {isa = PBXFileReference; lastKnownFileType = sourcecode.swift; path = PokeDexRepository.swift; sourceTree = "<group>"; };
		6C2B26482A9C99C0003E951F /* PokeDexRepositoryProtocol.swift */ = {isa = PBXFileReference; lastKnownFileType = sourcecode.swift; path = PokeDexRepositoryProtocol.swift; sourceTree = "<group>"; };
		6C2B264A2A9C9BC7003E951F /* PokemonEntity.swift */ = {isa = PBXFileReference; lastKnownFileType = sourcecode.swift; path = PokemonEntity.swift; sourceTree = "<group>"; };
		6C2B264E2A9CA5BA003E951F /* GetPokemonListUseCase.swift */ = {isa = PBXFileReference; lastKnownFileType = sourcecode.swift; path = GetPokemonListUseCase.swift; sourceTree = "<group>"; };
		6C2B26502A9CA97E003E951F /* PokemonListView.swift */ = {isa = PBXFileReference; lastKnownFileType = sourcecode.swift; path = PokemonListView.swift; sourceTree = "<group>"; };
		6C2B26522A9CB187003E951F /* PokemonListResponseModel.swift */ = {isa = PBXFileReference; lastKnownFileType = sourcecode.swift; path = PokemonListResponseModel.swift; sourceTree = "<group>"; };
		6C2B26542A9CB506003E951F /* PokemonDetailView.swift */ = {isa = PBXFileReference; lastKnownFileType = sourcecode.swift; path = PokemonDetailView.swift; sourceTree = "<group>"; };
		6C2B26562A9CB581003E951F /* PokemonDetailResponseModel.swift */ = {isa = PBXFileReference; lastKnownFileType = sourcecode.swift; path = PokemonDetailResponseModel.swift; sourceTree = "<group>"; };
		6C2B26582A9CC163003E951F /* PokemonDetailEntity.swift */ = {isa = PBXFileReference; lastKnownFileType = sourcecode.swift; path = PokemonDetailEntity.swift; sourceTree = "<group>"; };
		6C2B265A2A9D8E3F003E951F /* GetPokemonDetailUseCase.swift */ = {isa = PBXFileReference; lastKnownFileType = sourcecode.swift; path = GetPokemonDetailUseCase.swift; sourceTree = "<group>"; };
/* End PBXFileReference section */

/* Begin PBXFrameworksBuildPhase section */
		6C2B260A2A98B9A6003E951F /* Frameworks */ = {
			isa = PBXFrameworksBuildPhase;
			buildActionMask = 2147483647;
			files = (
			);
			runOnlyForDeploymentPostprocessing = 0;
		};
/* End PBXFrameworksBuildPhase section */

/* Begin PBXGroup section */
		6C2B26042A98B9A6003E951F = {
			isa = PBXGroup;
			children = (
				6C2B260F2A98B9A6003E951F /* PokeDex */,
				6C2B260E2A98B9A6003E951F /* Products */,
			);
			sourceTree = "<group>";
		};
		6C2B260E2A98B9A6003E951F /* Products */ = {
			isa = PBXGroup;
			children = (
				6C2B260D2A98B9A6003E951F /* PokeDex.app */,
			);
			name = Products;
			sourceTree = "<group>";
		};
		6C2B260F2A98B9A6003E951F /* PokeDex */ = {
			isa = PBXGroup;
			children = (
				6C2B26272A9A2424003E951F /* App */,
				6C2B262A2A9A3EF9003E951F /* Core */,
				6C2B26262A9A2419003E951F /* Presentation */,
				6C2B26252A9A2412003E951F /* Domain */,
				6C2B26242A9A240C003E951F /* Data */,
				6C2B26142A98B9A7003E951F /* Assets.xcassets */,
				6C2B26162A98B9A7003E951F /* Preview Content */,
			);
			path = PokeDex;
			sourceTree = "<group>";
		};
		6C2B26162A98B9A7003E951F /* Preview Content */ = {
			isa = PBXGroup;
			children = (
				6C2B26172A98B9A7003E951F /* Preview Assets.xcassets */,
			);
			path = "Preview Content";
			sourceTree = "<group>";
		};
		6C2B26242A9A240C003E951F /* Data */ = {
			isa = PBXGroup;
			children = (
				6C2B264D2A9CA046003E951F /* Models */,
				6C2B26322A9AEEA6003E951F /* Repositories */,
				6C2B26312A9AEEA2003E951F /* DataSources */,
			);
			path = Data;
			sourceTree = "<group>";
		};
		6C2B26252A9A2412003E951F /* Domain */ = {
			isa = PBXGroup;
			children = (
				6C2B26302A9AEE9D003E951F /* Entities */,
				6C2B262F2A9AEE91003E951F /* UseCases */,
				6C2B262E2A9AEE8D003E951F /* Repositories */,
			);
			path = Domain;
			sourceTree = "<group>";
		};
		6C2B26262A9A2419003E951F /* Presentation */ = {
			isa = PBXGroup;
			children = (
				6C2B26122A98B9A6003E951F /* PokemonExploreView.swift */,
				6C2B26542A9CB506003E951F /* PokemonDetailView.swift */,
			);
			path = Presentation;
			sourceTree = "<group>";
		};
		6C2B26272A9A2424003E951F /* App */ = {
			isa = PBXGroup;
			children = (
				6C2B26102A98B9A6003E951F /* PokeDexApp.swift */,
			);
			path = App;
			sourceTree = "<group>";
		};
		6C2B262A2A9A3EF9003E951F /* Core */ = {
			isa = PBXGroup;
			children = (
				6C2B262D2A9AEE78003E951F /* Components */,
				6C2B26362A9AEF2D003E951F /* Utils */,
			);
			path = Core;
			sourceTree = "<group>";
		};
		6C2B262D2A9AEE78003E951F /* Components */ = {
			isa = PBXGroup;
			children = (
				6C2B26502A9CA97E003E951F /* PokemonListView.swift */,
			);
			path = Components;
			sourceTree = "<group>";
		};
		6C2B262E2A9AEE8D003E951F /* Repositories */ = {
			isa = PBXGroup;
			children = (
				6C2B26482A9C99C0003E951F /* PokeDexRepositoryProtocol.swift */,
			);
			path = Repositories;
			sourceTree = "<group>";
		};
		6C2B262F2A9AEE91003E951F /* UseCases */ = {
			isa = PBXGroup;
			children = (
				6C2B264E2A9CA5BA003E951F /* GetPokemonListUseCase.swift */,
				6C2B265A2A9D8E3F003E951F /* GetPokemonDetailUseCase.swift */,
			);
			path = UseCases;
			sourceTree = "<group>";
		};
		6C2B26302A9AEE9D003E951F /* Entities */ = {
			isa = PBXGroup;
			children = (
				6C2B264A2A9C9BC7003E951F /* PokemonEntity.swift */,
				6C2B26582A9CC163003E951F /* PokemonDetailEntity.swift */,
			);
			path = Entities;
			sourceTree = "<group>";
		};
		6C2B26312A9AEEA2003E951F /* DataSources */ = {
			isa = PBXGroup;
			children = (
				6C2B26412A9B2735003E951F /* PokeDexDataSource.swift */,
			);
			path = DataSources;
			sourceTree = "<group>";
		};
		6C2B26322A9AEEA6003E951F /* Repositories */ = {
			isa = PBXGroup;
			children = (
				6C2B26462A9C935F003E951F /* PokeDexRepository.swift */,
			);
			path = Repositories;
			sourceTree = "<group>";
		};
		6C2B26362A9AEF2D003E951F /* Utils */ = {
			isa = PBXGroup;
			children = (
				6C2B26432A9B2882003E951F /* Constants.swift */,
				6C2B26392A9AF1EC003E951F /* NetworkUtils.swift */,
			);
			path = Utils;
			sourceTree = "<group>";
		};
		6C2B264D2A9CA046003E951F /* Models */ = {
			isa = PBXGroup;
			children = (
				6C2B263C2A9AFA0E003E951F /* PokemonResponseModel.swift */,
				6C2B26522A9CB187003E951F /* PokemonListResponseModel.swift */,
				6C2B26562A9CB581003E951F /* PokemonDetailResponseModel.swift */,
			);
			path = Models;
			sourceTree = "<group>";
		};
/* End PBXGroup section */

/* Begin PBXNativeTarget section */
		6C2B260C2A98B9A6003E951F /* PokeDex */ = {
			isa = PBXNativeTarget;
			buildConfigurationList = 6C2B26212A98B9A7003E951F /* Build configuration list for PBXNativeTarget "PokeDex" */;
			buildPhases = (
				6C2B26092A98B9A6003E951F /* Sources */,
				6C2B260A2A98B9A6003E951F /* Frameworks */,
				6C2B260B2A98B9A6003E951F /* Resources */,
			);
			buildRules = (
			);
			dependencies = (
			);
			name = PokeDex;
			productName = "Pokemon Clean Architecture";
			productReference = 6C2B260D2A98B9A6003E951F /* PokeDex.app */;
			productType = "com.apple.product-type.application";
		};
/* End PBXNativeTarget section */

/* Begin PBXProject section */
		6C2B26052A98B9A6003E951F /* Project object */ = {
			isa = PBXProject;
			attributes = {
				BuildIndependentTargetsInParallel = 1;
				LastSwiftUpdateCheck = 1430;
				LastUpgradeCheck = 1430;
				TargetAttributes = {
					6C2B260C2A98B9A6003E951F = {
						CreatedOnToolsVersion = 14.3;
					};
				};
			};
			buildConfigurationList = 6C2B26082A98B9A6003E951F /* Build configuration list for PBXProject "PokeDex" */;
			compatibilityVersion = "Xcode 14.0";
			developmentRegion = en;
			hasScannedForEncodings = 0;
			knownRegions = (
				en,
				Base,
			);
			mainGroup = 6C2B26042A98B9A6003E951F;
			productRefGroup = 6C2B260E2A98B9A6003E951F /* Products */;
			projectDirPath = "";
			projectRoot = "";
			targets = (
				6C2B260C2A98B9A6003E951F /* PokeDex */,
			);
		};
/* End PBXProject section */

/* Begin PBXResourcesBuildPhase section */
		6C2B260B2A98B9A6003E951F /* Resources */ = {
			isa = PBXResourcesBuildPhase;
			buildActionMask = 2147483647;
			files = (
				6C2B26182A98B9A7003E951F /* Preview Assets.xcassets in Resources */,
				6C2B26152A98B9A7003E951F /* Assets.xcassets in Resources */,
			);
			runOnlyForDeploymentPostprocessing = 0;
		};
/* End PBXResourcesBuildPhase section */

/* Begin PBXSourcesBuildPhase section */
		6C2B26092A98B9A6003E951F /* Sources */ = {
			isa = PBXSourcesBuildPhase;
			buildActionMask = 2147483647;
			files = (
				6C2B26572A9CB581003E951F /* PokemonDetailResponseModel.swift in Sources */,
				6C2B26552A9CB506003E951F /* PokemonDetailView.swift in Sources */,
				6C2B26132A98B9A6003E951F /* PokemonExploreView.swift in Sources */,
				6C2B263A2A9AF1EC003E951F /* NetworkUtils.swift in Sources */,
				6C2B26112A98B9A6003E951F /* PokeDexApp.swift in Sources */,
				6C2B26422A9B2735003E951F /* PokeDexDataSource.swift in Sources */,
				6C2B26492A9C99C0003E951F /* PokeDexRepositoryProtocol.swift in Sources */,
				6C2B264B2A9C9BC7003E951F /* PokemonEntity.swift in Sources */,
				6C2B26532A9CB187003E951F /* PokemonListResponseModel.swift in Sources */,
				6C2B26472A9C935F003E951F /* PokeDexRepository.swift in Sources */,
				6C2B26442A9B2882003E951F /* Constants.swift in Sources */,
				6C2B26512A9CA97E003E951F /* PokemonListView.swift in Sources */,
				6C2B264F2A9CA5BA003E951F /* GetPokemonListUseCase.swift in Sources */,
				6C2B265B2A9D8E3F003E951F /* GetPokemonDetailUseCase.swift in Sources */,
				6C2B26592A9CC163003E951F /* PokemonDetailEntity.swift in Sources */,
				6C2B263D2A9AFA0E003E951F /* PokemonResponseModel.swift in Sources */,
			);
			runOnlyForDeploymentPostprocessing = 0;
		};
/* End PBXSourcesBuildPhase section */

/* Begin XCBuildConfiguration section */
		6C2B261F2A98B9A7003E951F /* Debug */ = {
			isa = XCBuildConfiguration;
			buildSettings = {
				ALWAYS_SEARCH_USER_PATHS = NO;
				CLANG_ANALYZER_NONNULL = YES;
				CLANG_ANALYZER_NUMBER_OBJECT_CONVERSION = YES_AGGRESSIVE;
				CLANG_CXX_LANGUAGE_STANDARD = "gnu++20";
				CLANG_ENABLE_MODULES = YES;
				CLANG_ENABLE_OBJC_ARC = YES;
				CLANG_ENABLE_OBJC_WEAK = YES;
				CLANG_WARN_BLOCK_CAPTURE_AUTORELEASING = YES;
				CLANG_WARN_BOOL_CONVERSION = YES;
				CLANG_WARN_COMMA = YES;
				CLANG_WARN_CONSTANT_CONVERSION = YES;
				CLANG_WARN_DEPRECATED_OBJC_IMPLEMENTATIONS = YES;
				CLANG_WARN_DIRECT_OBJC_ISA_USAGE = YES_ERROR;
				CLANG_WARN_DOCUMENTATION_COMMENTS = YES;
				CLANG_WARN_EMPTY_BODY = YES;
				CLANG_WARN_ENUM_CONVERSION = YES;
				CLANG_WARN_INFINITE_RECURSION = YES;
				CLANG_WARN_INT_CONVERSION = YES;
				CLANG_WARN_NON_LITERAL_NULL_CONVERSION = YES;
				CLANG_WARN_OBJC_IMPLICIT_RETAIN_SELF = YES;
				CLANG_WARN_OBJC_LITERAL_CONVERSION = YES;
				CLANG_WARN_OBJC_ROOT_CLASS = YES_ERROR;
				CLANG_WARN_QUOTED_INCLUDE_IN_FRAMEWORK_HEADER = YES;
				CLANG_WARN_RANGE_LOOP_ANALYSIS = YES;
				CLANG_WARN_STRICT_PROTOTYPES = YES;
				CLANG_WARN_SUSPICIOUS_MOVE = YES;
				CLANG_WARN_UNGUARDED_AVAILABILITY = YES_AGGRESSIVE;
				CLANG_WARN_UNREACHABLE_CODE = YES;
				CLANG_WARN__DUPLICATE_METHOD_MATCH = YES;
				COPY_PHASE_STRIP = NO;
				DEBUG_INFORMATION_FORMAT = dwarf;
				ENABLE_STRICT_OBJC_MSGSEND = YES;
				ENABLE_TESTABILITY = YES;
				GCC_C_LANGUAGE_STANDARD = gnu11;
				GCC_DYNAMIC_NO_PIC = NO;
				GCC_NO_COMMON_BLOCKS = YES;
				GCC_OPTIMIZATION_LEVEL = 0;
				GCC_PREPROCESSOR_DEFINITIONS = (
					"DEBUG=1",
					"$(inherited)",
				);
				GCC_WARN_64_TO_32_BIT_CONVERSION = YES;
				GCC_WARN_ABOUT_RETURN_TYPE = YES_ERROR;
				GCC_WARN_UNDECLARED_SELECTOR = YES;
				GCC_WARN_UNINITIALIZED_AUTOS = YES_AGGRESSIVE;
				GCC_WARN_UNUSED_FUNCTION = YES;
				GCC_WARN_UNUSED_VARIABLE = YES;
				IPHONEOS_DEPLOYMENT_TARGET = 16.4;
				MTL_ENABLE_DEBUG_INFO = INCLUDE_SOURCE;
				MTL_FAST_MATH = YES;
				ONLY_ACTIVE_ARCH = YES;
				SDKROOT = iphoneos;
				SWIFT_ACTIVE_COMPILATION_CONDITIONS = DEBUG;
				SWIFT_OPTIMIZATION_LEVEL = "-Onone";
			};
			name = Debug;
		};
		6C2B26202A98B9A7003E951F /* Release */ = {
			isa = XCBuildConfiguration;
			buildSettings = {
				ALWAYS_SEARCH_USER_PATHS = NO;
				CLANG_ANALYZER_NONNULL = YES;
				CLANG_ANALYZER_NUMBER_OBJECT_CONVERSION = YES_AGGRESSIVE;
				CLANG_CXX_LANGUAGE_STANDARD = "gnu++20";
				CLANG_ENABLE_MODULES = YES;
				CLANG_ENABLE_OBJC_ARC = YES;
				CLANG_ENABLE_OBJC_WEAK = YES;
				CLANG_WARN_BLOCK_CAPTURE_AUTORELEASING = YES;
				CLANG_WARN_BOOL_CONVERSION = YES;
				CLANG_WARN_COMMA = YES;
				CLANG_WARN_CONSTANT_CONVERSION = YES;
				CLANG_WARN_DEPRECATED_OBJC_IMPLEMENTATIONS = YES;
				CLANG_WARN_DIRECT_OBJC_ISA_USAGE = YES_ERROR;
				CLANG_WARN_DOCUMENTATION_COMMENTS = YES;
				CLANG_WARN_EMPTY_BODY = YES;
				CLANG_WARN_ENUM_CONVERSION = YES;
				CLANG_WARN_INFINITE_RECURSION = YES;
				CLANG_WARN_INT_CONVERSION = YES;
				CLANG_WARN_NON_LITERAL_NULL_CONVERSION = YES;
				CLANG_WARN_OBJC_IMPLICIT_RETAIN_SELF = YES;
				CLANG_WARN_OBJC_LITERAL_CONVERSION = YES;
				CLANG_WARN_OBJC_ROOT_CLASS = YES_ERROR;
				CLANG_WARN_QUOTED_INCLUDE_IN_FRAMEWORK_HEADER = YES;
				CLANG_WARN_RANGE_LOOP_ANALYSIS = YES;
				CLANG_WARN_STRICT_PROTOTYPES = YES;
				CLANG_WARN_SUSPICIOUS_MOVE = YES;
				CLANG_WARN_UNGUARDED_AVAILABILITY = YES_AGGRESSIVE;
				CLANG_WARN_UNREACHABLE_CODE = YES;
				CLANG_WARN__DUPLICATE_METHOD_MATCH = YES;
				COPY_PHASE_STRIP = NO;
				DEBUG_INFORMATION_FORMAT = "dwarf-with-dsym";
				ENABLE_NS_ASSERTIONS = NO;
				ENABLE_STRICT_OBJC_MSGSEND = YES;
				GCC_C_LANGUAGE_STANDARD = gnu11;
				GCC_NO_COMMON_BLOCKS = YES;
				GCC_WARN_64_TO_32_BIT_CONVERSION = YES;
				GCC_WARN_ABOUT_RETURN_TYPE = YES_ERROR;
				GCC_WARN_UNDECLARED_SELECTOR = YES;
				GCC_WARN_UNINITIALIZED_AUTOS = YES_AGGRESSIVE;
				GCC_WARN_UNUSED_FUNCTION = YES;
				GCC_WARN_UNUSED_VARIABLE = YES;
				IPHONEOS_DEPLOYMENT_TARGET = 16.4;
				MTL_ENABLE_DEBUG_INFO = NO;
				MTL_FAST_MATH = YES;
				SDKROOT = iphoneos;
				SWIFT_COMPILATION_MODE = wholemodule;
				SWIFT_OPTIMIZATION_LEVEL = "-O";
				VALIDATE_PRODUCT = YES;
			};
			name = Release;
		};
		6C2B26222A98B9A7003E951F /* Debug */ = {
			isa = XCBuildConfiguration;
			buildSettings = {
				ASSETCATALOG_COMPILER_APPICON_NAME = AppIcon;
				ASSETCATALOG_COMPILER_GLOBAL_ACCENT_COLOR_NAME = AccentColor;
				CODE_SIGN_STYLE = Automatic;
				CURRENT_PROJECT_VERSION = 1;
				DEVELOPMENT_ASSET_PATHS = "\"PokeDex/Preview Content\"";
				DEVELOPMENT_TEAM = 57DDT5D7L5;
				ENABLE_PREVIEWS = YES;
				GENERATE_INFOPLIST_FILE = YES;
				INFOPLIST_KEY_UIApplicationSceneManifest_Generation = YES;
				INFOPLIST_KEY_UIApplicationSupportsIndirectInputEvents = YES;
				INFOPLIST_KEY_UILaunchScreen_Generation = YES;
				INFOPLIST_KEY_UISupportedInterfaceOrientations_iPad = "UIInterfaceOrientationPortrait UIInterfaceOrientationPortraitUpsideDown UIInterfaceOrientationLandscapeLeft UIInterfaceOrientationLandscapeRight";
				INFOPLIST_KEY_UISupportedInterfaceOrientations_iPhone = "UIInterfaceOrientationPortrait UIInterfaceOrientationLandscapeLeft UIInterfaceOrientationLandscapeRight";
				LD_RUNPATH_SEARCH_PATHS = (
					"$(inherited)",
					"@executable_path/Frameworks",
				);
				MARKETING_VERSION = 1.0;
				PRODUCT_BUNDLE_IDENTIFIER = "com.adhaf.Pokemon-Clean-Architecture";
				PRODUCT_NAME = "$(TARGET_NAME)";
				SWIFT_EMIT_LOC_STRINGS = YES;
				SWIFT_VERSION = 5.0;
				TARGETED_DEVICE_FAMILY = "1,2";
			};
			name = Debug;
		};
		6C2B26232A98B9A7003E951F /* Release */ = {
			isa = XCBuildConfiguration;
			buildSettings = {
				ASSETCATALOG_COMPILER_APPICON_NAME = AppIcon;
				ASSETCATALOG_COMPILER_GLOBAL_ACCENT_COLOR_NAME = AccentColor;
				CODE_SIGN_STYLE = Automatic;
				CURRENT_PROJECT_VERSION = 1;
				DEVELOPMENT_ASSET_PATHS = "\"PokeDex/Preview Content\"";
				DEVELOPMENT_TEAM = 57DDT5D7L5;
				ENABLE_PREVIEWS = YES;
				GENERATE_INFOPLIST_FILE = YES;
				INFOPLIST_KEY_UIApplicationSceneManifest_Generation = YES;
				INFOPLIST_KEY_UIApplicationSupportsIndirectInputEvents = YES;
				INFOPLIST_KEY_UILaunchScreen_Generation = YES;
				INFOPLIST_KEY_UISupportedInterfaceOrientations_iPad = "UIInterfaceOrientationPortrait UIInterfaceOrientationPortraitUpsideDown UIInterfaceOrientationLandscapeLeft UIInterfaceOrientationLandscapeRight";
				INFOPLIST_KEY_UISupportedInterfaceOrientations_iPhone = "UIInterfaceOrientationPortrait UIInterfaceOrientationLandscapeLeft UIInterfaceOrientationLandscapeRight";
				LD_RUNPATH_SEARCH_PATHS = (
					"$(inherited)",
					"@executable_path/Frameworks",
				);
				MARKETING_VERSION = 1.0;
				PRODUCT_BUNDLE_IDENTIFIER = "com.adhaf.Pokemon-Clean-Architecture";
				PRODUCT_NAME = "$(TARGET_NAME)";
				SWIFT_EMIT_LOC_STRINGS = YES;
				SWIFT_VERSION = 5.0;
				TARGETED_DEVICE_FAMILY = "1,2";
			};
			name = Release;
		};
/* End XCBuildConfiguration section */

/* Begin XCConfigurationList section */
		6C2B26082A98B9A6003E951F /* Build configuration list for PBXProject "PokeDex" */ = {
			isa = XCConfigurationList;
			buildConfigurations = (
				6C2B261F2A98B9A7003E951F /* Debug */,
				6C2B26202A98B9A7003E951F /* Release */,
			);
			defaultConfigurationIsVisible = 0;
			defaultConfigurationName = Release;
		};
		6C2B26212A98B9A7003E951F /* Build configuration list for PBXNativeTarget "PokeDex" */ = {
			isa = XCConfigurationList;
			buildConfigurations = (
				6C2B26222A98B9A7003E951F /* Debug */,
				6C2B26232A98B9A7003E951F /* Release */,
			);
			defaultConfigurationIsVisible = 0;
			defaultConfigurationName = Release;
		};
/* End XCConfigurationList section */
	};
	rootObject = 6C2B26052A98B9A6003E951F /* Project object */;
}
