// !$*UTF8*$!
{
	archiveVersion = 1;
	classes = {
	};
	objectVersion = 56;
	objects = {

/* Begin PBXBuildFile section */
		6C2B26112A98B9A6003E951F /* Pokemon_Clean_ArchitectureApp.swift in Sources */ = {isa = PBXBuildFile; fileRef = 6C2B26102A98B9A6003E951F /* Pokemon_Clean_ArchitectureApp.swift */; };
		6C2B26132A98B9A6003E951F /* ContentView.swift in Sources */ = {isa = PBXBuildFile; fileRef = 6C2B26122A98B9A6003E951F /* ContentView.swift */; };
		6C2B26152A98B9A7003E951F /* Assets.xcassets in Resources */ = {isa = PBXBuildFile; fileRef = 6C2B26142A98B9A7003E951F /* Assets.xcassets */; };
		6C2B26182A98B9A7003E951F /* Preview Assets.xcassets in Resources */ = {isa = PBXBuildFile; fileRef = 6C2B26172A98B9A7003E951F /* Preview Assets.xcassets */; };
		6C2B261A2A98B9A7003E951F /* Persistence.swift in Sources */ = {isa = PBXBuildFile; fileRef = 6C2B26192A98B9A7003E951F /* Persistence.swift */; };
		6C2B261D2A98B9A7003E951F /* Pokemon_Clean_Architecture.xcdatamodeld in Sources */ = {isa = PBXBuildFile; fileRef = 6C2B261B2A98B9A7003E951F /* Pokemon_Clean_Architecture.xcdatamodeld */; };
/* End PBXBuildFile section */

/* Begin PBXFileReference section */
		6C2B260D2A98B9A6003E951F /* Pokemon Clean Architecture.app */ = {isa = PBXFileReference; explicitFileType = wrapper.application; includeInIndex = 0; path = "Pokemon Clean Architecture.app"; sourceTree = BUILT_PRODUCTS_DIR; };
		6C2B26102A98B9A6003E951F /* Pokemon_Clean_ArchitectureApp.swift */ = {isa = PBXFileReference; lastKnownFileType = sourcecode.swift; path = Pokemon_Clean_ArchitectureApp.swift; sourceTree = "<group>"; };
		6C2B26122A98B9A6003E951F /* ContentView.swift */ = {isa = PBXFileReference; lastKnownFileType = sourcecode.swift; path = ContentView.swift; sourceTree = "<group>"; };
		6C2B26142A98B9A7003E951F /* Assets.xcassets */ = {isa = PBXFileReference; lastKnownFileType = folder.assetcatalog; path = Assets.xcassets; sourceTree = "<group>"; };
		6C2B26172A98B9A7003E951F /* Preview Assets.xcassets */ = {isa = PBXFileReference; lastKnownFileType = folder.assetcatalog; path = "Preview Assets.xcassets"; sourceTree = "<group>"; };
		6C2B26192A98B9A7003E951F /* Persistence.swift */ = {isa = PBXFileReference; lastKnownFileType = sourcecode.swift; path = Persistence.swift; sourceTree = "<group>"; };
		6C2B261C2A98B9A7003E951F /* Pokemon_Clean_Architecture.xcdatamodel */ = {isa = PBXFileReference; lastKnownFileType = wrapper.xcdatamodel; path = Pokemon_Clean_Architecture.xcdatamodel; sourceTree = "<group>"; };
		6C2B261E2A98B9A7003E951F /* Info.plist */ = {isa = PBXFileReference; lastKnownFileType = text.plist.xml; path = Info.plist; sourceTree = "<group>"; };
/* End PBXFileReference section */

/* Begin PBXFrameworksBuildPhase section */
		6C2B260A2A98B9A6003E951F /* Frameworks */ = {
			isa = PBXFrameworksBuildPhase;
			buildActionMask = 2147483647;
			files = (
			);
			runOnlyForDeploymentPostprocessing = 0;
		};
/* End PBXFrameworksBuildPhase section */

/* Begin PBXGroup section */
		6C2B26042A98B9A6003E951F = {
			isa = PBXGroup;
			children = (
				6C2B260F2A98B9A6003E951F /* Pokemon Clean Architecture */,
				6C2B260E2A98B9A6003E951F /* Products */,
			);
			sourceTree = "<group>";
		};
		6C2B260E2A98B9A6003E951F /* Products */ = {
			isa = PBXGroup;
			children = (
				6C2B260D2A98B9A6003E951F /* Pokemon Clean Architecture.app */,
			);
			name = Products;
			sourceTree = "<group>";
		};
		6C2B260F2A98B9A6003E951F /* Pokemon Clean Architecture */ = {
			isa = PBXGroup;
			children = (
				6C2B26102A98B9A6003E951F /* Pokemon_Clean_ArchitectureApp.swift */,
				6C2B26122A98B9A6003E951F /* ContentView.swift */,
				6C2B26142A98B9A7003E951F /* Assets.xcassets */,
				6C2B26192A98B9A7003E951F /* Persistence.swift */,
				6C2B261E2A98B9A7003E951F /* Info.plist */,
				6C2B261B2A98B9A7003E951F /* Pokemon_Clean_Architecture.xcdatamodeld */,
				6C2B26162A98B9A7003E951F /* Preview Content */,
			);
			path = "Pokemon Clean Architecture";
			sourceTree = "<group>";
		};
		6C2B26162A98B9A7003E951F /* Preview Content */ = {
			isa = PBXGroup;
			children = (
				6C2B26172A98B9A7003E951F /* Preview Assets.xcassets */,
			);
			path = "Preview Content";
			sourceTree = "<group>";
		};
/* End PBXGroup section */

/* Begin PBXNativeTarget section */
		6C2B260C2A98B9A6003E951F /* Pokemon Clean Architecture */ = {
			isa = PBXNativeTarget;
			buildConfigurationList = 6C2B26212A98B9A7003E951F /* Build configuration list for PBXNativeTarget "Pokemon Clean Architecture" */;
			buildPhases = (
				6C2B26092A98B9A6003E951F /* Sources */,
				6C2B260A2A98B9A6003E951F /* Frameworks */,
				6C2B260B2A98B9A6003E951F /* Resources */,
			);
			buildRules = (
			);
			dependencies = (
			);
			name = "Pokemon Clean Architecture";
			productName = "Pokemon Clean Architecture";
			productReference = 6C2B260D2A98B9A6003E951F /* Pokemon Clean Architecture.app */;
			productType = "com.apple.product-type.application";
		};
/* End PBXNativeTarget section */

/* Begin PBXProject section */
		6C2B26052A98B9A6003E951F /* Project object */ = {
			isa = PBXProject;
			attributes = {
				BuildIndependentTargetsInParallel = 1;
				LastSwiftUpdateCheck = 1430;
				LastUpgradeCheck = 1430;
				TargetAttributes = {
					6C2B260C2A98B9A6003E951F = {
						CreatedOnToolsVersion = 14.3;
					};
				};
			};
			buildConfigurationList = 6C2B26082A98B9A6003E951F /* Build configuration list for PBXProject "Pokemon Clean Architecture" */;
			compatibilityVersion = "Xcode 14.0";
			developmentRegion = en;
			hasScannedForEncodings = 0;
			knownRegions = (
				en,
				Base,
			);
			mainGroup = 6C2B26042A98B9A6003E951F;
			productRefGroup = 6C2B260E2A98B9A6003E951F /* Products */;
			projectDirPath = "";
			projectRoot = "";
			targets = (
				6C2B260C2A98B9A6003E951F /* Pokemon Clean Architecture */,
			);
		};
/* End PBXProject section */

/* Begin PBXResourcesBuildPhase section */
		6C2B260B2A98B9A6003E951F /* Resources */ = {
			isa = PBXResourcesBuildPhase;
			buildActionMask = 2147483647;
			files = (
				6C2B26182A98B9A7003E951F /* Preview Assets.xcassets in Resources */,
				6C2B26152A98B9A7003E951F /* Assets.xcassets in Resources */,
			);
			runOnlyForDeploymentPostprocessing = 0;
		};
/* End PBXResourcesBuildPhase section */

/* Begin PBXSourcesBuildPhase section */
		6C2B26092A98B9A6003E951F /* Sources */ = {
			isa = PBXSourcesBuildPhase;
			buildActionMask = 2147483647;
			files = (
				6C2B261D2A98B9A7003E951F /* Pokemon_Clean_Architecture.xcdatamodeld in Sources */,
				6C2B261A2A98B9A7003E951F /* Persistence.swift in Sources */,
				6C2B26132A98B9A6003E951F /* ContentView.swift in Sources */,
				6C2B26112A98B9A6003E951F /* Pokemon_Clean_ArchitectureApp.swift in Sources */,
			);
			runOnlyForDeploymentPostprocessing = 0;
		};
/* End PBXSourcesBuildPhase section */

/* Begin XCBuildConfiguration section */
		6C2B261F2A98B9A7003E951F /* Debug */ = {
			isa = XCBuildConfiguration;
			buildSettings = {
				ALWAYS_SEARCH_USER_PATHS = NO;
				CLANG_ANALYZER_NONNULL = YES;
				CLANG_ANALYZER_NUMBER_OBJECT_CONVERSION = YES_AGGRESSIVE;
				CLANG_CXX_LANGUAGE_STANDARD = "gnu++20";
				CLANG_ENABLE_MODULES = YES;
				CLANG_ENABLE_OBJC_ARC = YES;
				CLANG_ENABLE_OBJC_WEAK = YES;
				CLANG_WARN_BLOCK_CAPTURE_AUTORELEASING = YES;
				CLANG_WARN_BOOL_CONVERSION = YES;
				CLANG_WARN_COMMA = YES;
				CLANG_WARN_CONSTANT_CONVERSION = YES;
				CLANG_WARN_DEPRECATED_OBJC_IMPLEMENTATIONS = YES;
				CLANG_WARN_DIRECT_OBJC_ISA_USAGE = YES_ERROR;
				CLANG_WARN_DOCUMENTATION_COMMENTS = YES;
				CLANG_WARN_EMPTY_BODY = YES;
				CLANG_WARN_ENUM_CONVERSION = YES;
				CLANG_WARN_INFINITE_RECURSION = YES;
				CLANG_WARN_INT_CONVERSION = YES;
				CLANG_WARN_NON_LITERAL_NULL_CONVERSION = YES;
				CLANG_WARN_OBJC_IMPLICIT_RETAIN_SELF = YES;
				CLANG_WARN_OBJC_LITERAL_CONVERSION = YES;
				CLANG_WARN_OBJC_ROOT_CLASS = YES_ERROR;
				CLANG_WARN_QUOTED_INCLUDE_IN_FRAMEWORK_HEADER = YES;
				CLANG_WARN_RANGE_LOOP_ANALYSIS = YES;
				CLANG_WARN_STRICT_PROTOTYPES = YES;
				CLANG_WARN_SUSPICIOUS_MOVE = YES;
				CLANG_WARN_UNGUARDED_AVAILABILITY = YES_AGGRESSIVE;
				CLANG_WARN_UNREACHABLE_CODE = YES;
				CLANG_WARN__DUPLICATE_METHOD_MATCH = YES;
				COPY_PHASE_STRIP = NO;
				DEBUG_INFORMATION_FORMAT = dwarf;
				ENABLE_STRICT_OBJC_MSGSEND = YES;
				ENABLE_TESTABILITY = YES;
				GCC_C_LANGUAGE_STANDARD = gnu11;
				GCC_DYNAMIC_NO_PIC = NO;
				GCC_NO_COMMON_BLOCKS = YES;
				GCC_OPTIMIZATION_LEVEL = 0;
				GCC_PREPROCESSOR_DEFINITIONS = (
					"DEBUG=1",
					"$(inherited)",
				);
				GCC_WARN_64_TO_32_BIT_CONVERSION = YES;
				GCC_WARN_ABOUT_RETURN_TYPE = YES_ERROR;
				GCC_WARN_UNDECLARED_SELECTOR = YES;
				GCC_WARN_UNINITIALIZED_AUTOS = YES_AGGRESSIVE;
				GCC_WARN_UNUSED_FUNCTION = YES;
				GCC_WARN_UNUSED_VARIABLE = YES;
				IPHONEOS_DEPLOYMENT_TARGET = 16.4;
				MTL_ENABLE_DEBUG_INFO = INCLUDE_SOURCE;
				MTL_FAST_MATH = YES;
				ONLY_ACTIVE_ARCH = YES;
				SDKROOT = iphoneos;
				SWIFT_ACTIVE_COMPILATION_CONDITIONS = DEBUG;
				SWIFT_OPTIMIZATION_LEVEL = "-Onone";
			};
			name = Debug;
		};
		6C2B26202A98B9A7003E951F /* Release */ = {
			isa = XCBuildConfiguration;
			buildSettings = {
				ALWAYS_SEARCH_USER_PATHS = NO;
				CLANG_ANALYZER_NONNULL = YES;
				CLANG_ANALYZER_NUMBER_OBJECT_CONVERSION = YES_AGGRESSIVE;
				CLANG_CXX_LANGUAGE_STANDARD = "gnu++20";
				CLANG_ENABLE_MODULES = YES;
				CLANG_ENABLE_OBJC_ARC = YES;
				CLANG_ENABLE_OBJC_WEAK = YES;
				CLANG_WARN_BLOCK_CAPTURE_AUTORELEASING = YES;
				CLANG_WARN_BOOL_CONVERSION = YES;
				CLANG_WARN_COMMA = YES;
				CLANG_WARN_CONSTANT_CONVERSION = YES;
				CLANG_WARN_DEPRECATED_OBJC_IMPLEMENTATIONS = YES;
				CLANG_WARN_DIRECT_OBJC_ISA_USAGE = YES_ERROR;
				CLANG_WARN_DOCUMENTATION_COMMENTS = YES;
				CLANG_WARN_EMPTY_BODY = YES;
				CLANG_WARN_ENUM_CONVERSION = YES;
				CLANG_WARN_INFINITE_RECURSION = YES;
				CLANG_WARN_INT_CONVERSION = YES;
				CLANG_WARN_NON_LITERAL_NULL_CONVERSION = YES;
				CLANG_WARN_OBJC_IMPLICIT_RETAIN_SELF = YES;
				CLANG_WARN_OBJC_LITERAL_CONVERSION = YES;
				CLANG_WARN_OBJC_ROOT_CLASS = YES_ERROR;
				CLANG_WARN_QUOTED_INCLUDE_IN_FRAMEWORK_HEADER = YES;
				CLANG_WARN_RANGE_LOOP_ANALYSIS = YES;
				CLANG_WARN_STRICT_PROTOTYPES = YES;
				CLANG_WARN_SUSPICIOUS_MOVE = YES;
				CLANG_WARN_UNGUARDED_AVAILABILITY = YES_AGGRESSIVE;
				CLANG_WARN_UNREACHABLE_CODE = YES;
				CLANG_WARN__DUPLICATE_METHOD_MATCH = YES;
				COPY_PHASE_STRIP = NO;
				DEBUG_INFORMATION_FORMAT = "dwarf-with-dsym";
				ENABLE_NS_ASSERTIONS = NO;
				ENABLE_STRICT_OBJC_MSGSEND = YES;
				GCC_C_LANGUAGE_STANDARD = gnu11;
				GCC_NO_COMMON_BLOCKS = YES;
				GCC_WARN_64_TO_32_BIT_CONVERSION = YES;
				GCC_WARN_ABOUT_RETURN_TYPE = YES_ERROR;
				GCC_WARN_UNDECLARED_SELECTOR = YES;
				GCC_WARN_UNINITIALIZED_AUTOS = YES_AGGRESSIVE;
				GCC_WARN_UNUSED_FUNCTION = YES;
				GCC_WARN_UNUSED_VARIABLE = YES;
				IPHONEOS_DEPLOYMENT_TARGET = 16.4;
				MTL_ENABLE_DEBUG_INFO = NO;
				MTL_FAST_MATH = YES;
				SDKROOT = iphoneos;
				SWIFT_COMPILATION_MODE = wholemodule;
				SWIFT_OPTIMIZATION_LEVEL = "-O";
				VALIDATE_PRODUCT = YES;
			};
			name = Release;
		};
		6C2B26222A98B9A7003E951F /* Debug */ = {
			isa = XCBuildConfiguration;
			buildSettings = {
				ASSETCATALOG_COMPILER_APPICON_NAME = AppIcon;
				ASSETCATALOG_COMPILER_GLOBAL_ACCENT_COLOR_NAME = AccentColor;
				CODE_SIGN_STYLE = Automatic;
				CURRENT_PROJECT_VERSION = 1;
				DEVELOPMENT_ASSET_PATHS = "\"Pokemon Clean Architecture/Preview Content\"";
				DEVELOPMENT_TEAM = 57DDT5D7L5;
				ENABLE_PREVIEWS = YES;
				GENERATE_INFOPLIST_FILE = YES;
				INFOPLIST_KEY_UIApplicationSceneManifest_Generation = YES;
				INFOPLIST_KEY_UIApplicationSupportsIndirectInputEvents = YES;
				INFOPLIST_KEY_UILaunchScreen_Generation = YES;
				INFOPLIST_KEY_UISupportedInterfaceOrientations_iPad = "UIInterfaceOrientationPortrait UIInterfaceOrientationPortraitUpsideDown UIInterfaceOrientationLandscapeLeft UIInterfaceOrientationLandscapeRight";
				INFOPLIST_KEY_UISupportedInterfaceOrientations_iPhone = "UIInterfaceOrientationPortrait UIInterfaceOrientationLandscapeLeft UIInterfaceOrientationLandscapeRight";
				LD_RUNPATH_SEARCH_PATHS = (
					"$(inherited)",
					"@executable_path/Frameworks",
				);
				MARKETING_VERSION = 1.0;
				PRODUCT_BUNDLE_IDENTIFIER = "com.adhaf.Pokemon-Clean-Architecture";
				PRODUCT_NAME = "$(TARGET_NAME)";
				SWIFT_EMIT_LOC_STRINGS = YES;
				SWIFT_VERSION = 5.0;
				TARGETED_DEVICE_FAMILY = "1,2";
			};
			name = Debug;
		};
		6C2B26232A98B9A7003E951F /* Release */ = {
			isa = XCBuildConfiguration;
			buildSettings = {
				ASSETCATALOG_COMPILER_APPICON_NAME = AppIcon;
				ASSETCATALOG_COMPILER_GLOBAL_ACCENT_COLOR_NAME = AccentColor;
				CODE_SIGN_STYLE = Automatic;
				CURRENT_PROJECT_VERSION = 1;
				DEVELOPMENT_ASSET_PATHS = "\"Pokemon Clean Architecture/Preview Content\"";
				DEVELOPMENT_TEAM = 57DDT5D7L5;
				ENABLE_PREVIEWS = YES;
				GENERATE_INFOPLIST_FILE = YES;
				INFOPLIST_KEY_UIApplicationSceneManifest_Generation = YES;
				INFOPLIST_KEY_UIApplicationSupportsIndirectInputEvents = YES;
				INFOPLIST_KEY_UILaunchScreen_Generation = YES;
				INFOPLIST_KEY_UISupportedInterfaceOrientations_iPad = "UIInterfaceOrientationPortrait UIInterfaceOrientationPortraitUpsideDown UIInterfaceOrientationLandscapeLeft UIInterfaceOrientationLandscapeRight";
				INFOPLIST_KEY_UISupportedInterfaceOrientations_iPhone = "UIInterfaceOrientationPortrait UIInterfaceOrientationLandscapeLeft UIInterfaceOrientationLandscapeRight";
				LD_RUNPATH_SEARCH_PATHS = (
					"$(inherited)",
					"@executable_path/Frameworks",
				);
				MARKETING_VERSION = 1.0;
				PRODUCT_BUNDLE_IDENTIFIER = "com.adhaf.Pokemon-Clean-Architecture";
				PRODUCT_NAME = "$(TARGET_NAME)";
				SWIFT_EMIT_LOC_STRINGS = YES;
				SWIFT_VERSION = 5.0;
				TARGETED_DEVICE_FAMILY = "1,2";
			};
			name = Release;
		};
/* End XCBuildConfiguration section */

/* Begin XCConfigurationList section */
		6C2B26082A98B9A6003E951F /* Build configuration list for PBXProject "Pokemon Clean Architecture" */ = {
			isa = XCConfigurationList;
			buildConfigurations = (
				6C2B261F2A98B9A7003E951F /* Debug */,
				6C2B26202A98B9A7003E951F /* Release */,
			);
			defaultConfigurationIsVisible = 0;
			defaultConfigurationName = Release;
		};
		6C2B26212A98B9A7003E951F /* Build configuration list for PBXNativeTarget "Pokemon Clean Architecture" */ = {
			isa = XCConfigurationList;
			buildConfigurations = (
				6C2B26222A98B9A7003E951F /* Debug */,
				6C2B26232A98B9A7003E951F /* Release */,
			);
			defaultConfigurationIsVisible = 0;
			defaultConfigurationName = Release;
		};
/* End XCConfigurationList section */

/* Begin XCVersionGroup section */
		6C2B261B2A98B9A7003E951F /* Pokemon_Clean_Architecture.xcdatamodeld */ = {
			isa = XCVersionGroup;
			children = (
				6C2B261C2A98B9A7003E951F /* Pokemon_Clean_Architecture.xcdatamodel */,
			);
			currentVersion = 6C2B261C2A98B9A7003E951F /* Pokemon_Clean_Architecture.xcdatamodel */;
			path = Pokemon_Clean_Architecture.xcdatamodeld;
			sourceTree = "<group>";
			versionGroupType = wrapper.xcdatamodel;
		};
/* End XCVersionGroup section */
	};
	rootObject = 6C2B26052A98B9A6003E951F /* Project object */;
}
